
Microsoft Visual Studio Solution File, Format Version 12.00
# Visual Studio 15
VisualStudioVersion = 15.0.28307.902
MinimumVisualStudioVersion = 10.0.40219.1
Project("{FAE04EC0-301F-11D3-BF4B-00C04F79EFBC}") = "MainCorreo", "MainCorreo\MainCorreo.csproj", "{34494651-26C4-4C24-8DEE-C1A7DAC3FEEA}"
EndProject
Project("{FAE04EC0-301F-11D3-BF4B-00C04F79EFBC}") = "Entidades", "Entidades\Entidades.csproj", "{AC0A3C3C-EE24-430F-AC15-81712EBFAEBB}"
EndProject
Project("{FAE04EC0-301F-11D3-BF4B-00C04F79EFBC}") = "TestUnitario", "TestUnitario\TestUnitario.csproj", "{09844E39-0664-40C9-9A1D-E71DBC359166}"
EndProject
Global
	GlobalSection(SolutionConfigurationPlatforms) = preSolution
		Debug|Any CPU = Debug|Any CPU
		Release|Any CPU = Release|Any CPU
	EndGlobalSection
	GlobalSection(ProjectConfigurationPlatforms) = postSolution
		{34494651-26C4-4C24-8DEE-C1A7DAC3FEEA}.Debug|Any CPU.ActiveCfg = Debug|Any CPU
		{34494651-26C4-4C24-8DEE-C1A7DAC3FEEA}.Debug|Any CPU.Build.0 = Debug|Any CPU
		{34494651-26C4-4C24-8DEE-C1A7DAC3FEEA}.Release|Any CPU.ActiveCfg = Release|Any CPU
		{34494651-26C4-4C24-8DEE-C1A7DAC3FEEA}.Release|Any CPU.Build.0 = Release|Any CPU
		{AC0A3C3C-EE24-430F-AC15-81712EBFAEBB}.Debug|Any CPU.ActiveCfg = Debug|Any CPU
		{AC0A3C3C-EE24-430F-AC15-81712EBFAEBB}.Debug|Any CPU.Build.0 = Debug|Any CPU
		{AC0A3C3C-EE24-430F-AC15-81712EBFAEBB}.Release|Any CPU.ActiveCfg = Release|Any CPU
		{AC0A3C3C-EE24-430F-AC15-81712EBFAEBB}.Release|Any CPU.Build.0 = Release|Any CPU
		{09844E39-0664-40C9-9A1D-E71DBC359166}.Debug|Any CPU.ActiveCfg = Debug|Any CPU
		{09844E39-0664-40C9-9A1D-E71DBC359166}.Debug|Any CPU.Build.0 = Debug|Any CPU
		{09844E39-0664-40C9-9A1D-E71DBC359166}.Release|Any CPU.ActiveCfg = Release|Any CPU
		{09844E39-0664-40C9-9A1D-E71DBC359166}.Release|Any CPU.Build.0 = Release|Any CPU
	EndGlobalSection
	GlobalSection(SolutionProperties) = preSolution
		HideSolutionNode = FALSE
	EndGlobalSection
	GlobalSection(ExtensibilityGlobals) = postSolution
		SolutionGuid = {EC5F43F3-2A50-4612-B568-00531788AEBF}
	EndGlobalSection
EndGlobal
